
Microsoft Visual Studio Solution File, Format Version 12.00
# Visual Studio Version 16
VisualStudioVersion = 16.0.29806.167
MinimumVisualStudioVersion = 10.0.40219.1
Project("{9A19103F-16F7-4668-BE54-9A1E7A4F7556}") = "AttendanseControl", "AttendanseControl\AttendanseControl.csproj", "{95FD71A9-D9EC-41ED-BAD6-E96761F49719}"
EndProject
Project("{9A19103F-16F7-4668-BE54-9A1E7A4F7556}") = "DAL", "AttendanseControl\Data\DAL\DAL.csproj", "{E8EC91BB-5AA3-4493-8743-81D7ABFBC4ED}"
EndProject
Project("{9A19103F-16F7-4668-BE54-9A1E7A4F7556}") = "DAL.Tests", "AttendanseControl\Data\DAL.Tests\DAL.Tests.csproj", "{366EAA36-7E13-41C5-B98E-AA3B767C3E85}"
EndProject
Project("{9A19103F-16F7-4668-BE54-9A1E7A4F7556}") = "BLL", "BLL\BLL.csproj", "{831791D0-08BC-46BE-95B2-484D9CAFB7A6}"
	ProjectSection(ProjectDependencies) = postProject
		{E8EC91BB-5AA3-4493-8743-81D7ABFBC4ED} = {E8EC91BB-5AA3-4493-8743-81D7ABFBC4ED}
	EndProjectSection
EndProject
Project("{9A19103F-16F7-4668-BE54-9A1E7A4F7556}") = "CLL", "CLL\CLL.csproj", "{601C31C3-246D-4CA6-9E82-EF7A60BF7D01}"
EndProject
Project("{9A19103F-16F7-4668-BE54-9A1E7A4F7556}") = "BLL.Tests", "BLL.Tests\BLL.Tests.csproj", "{EC96A158-4B9D-44EA-B8E4-4513757D6308}"
EndProject
Project("{FAE04EC0-301F-11D3-BF4B-00C04F79EFBC}") = "Proxy", "Proxy\Proxy.csproj", "{BD084CFF-9731-4D36-A16D-407E35BFFF8D}"
EndProject
Project("{FAE04EC0-301F-11D3-BF4B-00C04F79EFBC}") = "States", "States\States.csproj", "{411243BC-D98F-4A32-A7E1-81E3A0F239E3}"
EndProject
Global
	GlobalSection(SolutionConfigurationPlatforms) = preSolution
		Debug|Any CPU = Debug|Any CPU
		Release|Any CPU = Release|Any CPU
	EndGlobalSection
	GlobalSection(ProjectConfigurationPlatforms) = postSolution
		{95FD71A9-D9EC-41ED-BAD6-E96761F49719}.Debug|Any CPU.ActiveCfg = Debug|Any CPU
		{95FD71A9-D9EC-41ED-BAD6-E96761F49719}.Debug|Any CPU.Build.0 = Debug|Any CPU
		{95FD71A9-D9EC-41ED-BAD6-E96761F49719}.Release|Any CPU.ActiveCfg = Release|Any CPU
		{95FD71A9-D9EC-41ED-BAD6-E96761F49719}.Release|Any CPU.Build.0 = Release|Any CPU
		{E8EC91BB-5AA3-4493-8743-81D7ABFBC4ED}.Debug|Any CPU.ActiveCfg = Debug|Any CPU
		{E8EC91BB-5AA3-4493-8743-81D7ABFBC4ED}.Debug|Any CPU.Build.0 = Debug|Any CPU
		{E8EC91BB-5AA3-4493-8743-81D7ABFBC4ED}.Release|Any CPU.ActiveCfg = Release|Any CPU
		{E8EC91BB-5AA3-4493-8743-81D7ABFBC4ED}.Release|Any CPU.Build.0 = Release|Any CPU
		{366EAA36-7E13-41C5-B98E-AA3B767C3E85}.Debug|Any CPU.ActiveCfg = Debug|Any CPU
		{366EAA36-7E13-41C5-B98E-AA3B767C3E85}.Debug|Any CPU.Build.0 = Debug|Any CPU
		{366EAA36-7E13-41C5-B98E-AA3B767C3E85}.Release|Any CPU.ActiveCfg = Release|Any CPU
		{366EAA36-7E13-41C5-B98E-AA3B767C3E85}.Release|Any CPU.Build.0 = Release|Any CPU
		{831791D0-08BC-46BE-95B2-484D9CAFB7A6}.Debug|Any CPU.ActiveCfg = Debug|Any CPU
		{831791D0-08BC-46BE-95B2-484D9CAFB7A6}.Debug|Any CPU.Build.0 = Debug|Any CPU
		{831791D0-08BC-46BE-95B2-484D9CAFB7A6}.Release|Any CPU.ActiveCfg = Release|Any CPU
		{831791D0-08BC-46BE-95B2-484D9CAFB7A6}.Release|Any CPU.Build.0 = Release|Any CPU
		{601C31C3-246D-4CA6-9E82-EF7A60BF7D01}.Debug|Any CPU.ActiveCfg = Debug|Any CPU
		{601C31C3-246D-4CA6-9E82-EF7A60BF7D01}.Debug|Any CPU.Build.0 = Debug|Any CPU
		{601C31C3-246D-4CA6-9E82-EF7A60BF7D01}.Release|Any CPU.ActiveCfg = Release|Any CPU
		{601C31C3-246D-4CA6-9E82-EF7A60BF7D01}.Release|Any CPU.Build.0 = Release|Any CPU
		{EC96A158-4B9D-44EA-B8E4-4513757D6308}.Debug|Any CPU.ActiveCfg = Debug|Any CPU
		{EC96A158-4B9D-44EA-B8E4-4513757D6308}.Debug|Any CPU.Build.0 = Debug|Any CPU
		{EC96A158-4B9D-44EA-B8E4-4513757D6308}.Release|Any CPU.ActiveCfg = Release|Any CPU
		{EC96A158-4B9D-44EA-B8E4-4513757D6308}.Release|Any CPU.Build.0 = Release|Any CPU
		{BD084CFF-9731-4D36-A16D-407E35BFFF8D}.Debug|Any CPU.ActiveCfg = Debug|Any CPU
		{BD084CFF-9731-4D36-A16D-407E35BFFF8D}.Debug|Any CPU.Build.0 = Debug|Any CPU
		{BD084CFF-9731-4D36-A16D-407E35BFFF8D}.Release|Any CPU.ActiveCfg = Release|Any CPU
		{BD084CFF-9731-4D36-A16D-407E35BFFF8D}.Release|Any CPU.Build.0 = Release|Any CPU
		{411243BC-D98F-4A32-A7E1-81E3A0F239E3}.Debug|Any CPU.ActiveCfg = Debug|Any CPU
		{411243BC-D98F-4A32-A7E1-81E3A0F239E3}.Debug|Any CPU.Build.0 = Debug|Any CPU
		{411243BC-D98F-4A32-A7E1-81E3A0F239E3}.Release|Any CPU.ActiveCfg = Release|Any CPU
		{411243BC-D98F-4A32-A7E1-81E3A0F239E3}.Release|Any CPU.Build.0 = Release|Any CPU
	EndGlobalSection
	GlobalSection(SolutionProperties) = preSolution
		HideSolutionNode = FALSE
	EndGlobalSection
	GlobalSection(ExtensibilityGlobals) = postSolution
		SolutionGuid = {5294E407-F8A3-46AB-B063-1C8D1217E64F}
	EndGlobalSection
EndGlobal
